
Microsoft Visual Studio Solution File, Format Version 12.00
# Visual Studio 15
VisualStudioVersion = 15.0.28307.645
MinimumVisualStudioVersion = 10.0.40219.1
Project("{FAE04EC0-301F-11D3-BF4B-00C04F79EFBC}") = "App1.Android", "App1\App1.Android\App1.Android.csproj", "{0DC3B0D0-E420-4E05-80EC-D4768C9388E9}"
EndProject
Project("{FAE04EC0-301F-11D3-BF4B-00C04F79EFBC}") = "App1.iOS", "App1\App1.iOS\App1.iOS.csproj", "{B7D7AEEE-0265-4BD9-8AB1-8373259344FA}"
EndProject
Project("{FAE04EC0-301F-11D3-BF4B-00C04F79EFBC}") = "App1", "App1\App1\App1.csproj", "{4408569E-D95C-4F8A-8B2F-792DA717BAD6}"
EndProject
Global
	GlobalSection(SolutionConfigurationPlatforms) = preSolution
		Ad-Hoc|Any CPU = Ad-Hoc|Any CPU
		Ad-Hoc|iPhone = Ad-Hoc|iPhone
		Ad-Hoc|iPhoneSimulator = Ad-Hoc|iPhoneSimulator
		AppStore|Any CPU = AppStore|Any CPU
		AppStore|iPhone = AppStore|iPhone
		AppStore|iPhoneSimulator = AppStore|iPhoneSimulator
		Debug|Any CPU = Debug|Any CPU
		Debug|iPhone = Debug|iPhone
		Debug|iPhoneSimulator = Debug|iPhoneSimulator
		Release|Any CPU = Release|Any CPU
		Release|iPhone = Release|iPhone
		Release|iPhoneSimulator = Release|iPhoneSimulator
	EndGlobalSection
	GlobalSection(ProjectConfigurationPlatforms) = postSolution
		{0DC3B0D0-E420-4E05-80EC-D4768C9388E9}.Ad-Hoc|Any CPU.ActiveCfg = Release|Any CPU
		{0DC3B0D0-E420-4E05-80EC-D4768C9388E9}.Ad-Hoc|Any CPU.Build.0 = Release|Any CPU
		{0DC3B0D0-E420-4E05-80EC-D4768C9388E9}.Ad-Hoc|Any CPU.Deploy.0 = Release|Any CPU
		{0DC3B0D0-E420-4E05-80EC-D4768C9388E9}.Ad-Hoc|iPhone.ActiveCfg = Release|Any CPU
		{0DC3B0D0-E420-4E05-80EC-D4768C9388E9}.Ad-Hoc|iPhone.Build.0 = Release|Any CPU
		{0DC3B0D0-E420-4E05-80EC-D4768C9388E9}.Ad-Hoc|iPhone.Deploy.0 = Release|Any CPU
		{0DC3B0D0-E420-4E05-80EC-D4768C9388E9}.Ad-Hoc|iPhoneSimulator.ActiveCfg = Release|Any CPU
		{0DC3B0D0-E420-4E05-80EC-D4768C9388E9}.Ad-Hoc|iPhoneSimulator.Build.0 = Release|Any CPU
		{0DC3B0D0-E420-4E05-80EC-D4768C9388E9}.Ad-Hoc|iPhoneSimulator.Deploy.0 = Release|Any CPU
		{0DC3B0D0-E420-4E05-80EC-D4768C9388E9}.AppStore|Any CPU.ActiveCfg = Release|Any CPU
		{0DC3B0D0-E420-4E05-80EC-D4768C9388E9}.AppStore|Any CPU.Build.0 = Release|Any CPU
		{0DC3B0D0-E420-4E05-80EC-D4768C9388E9}.AppStore|Any CPU.Deploy.0 = Release|Any CPU
		{0DC3B0D0-E420-4E05-80EC-D4768C9388E9}.AppStore|iPhone.ActiveCfg = Release|Any CPU
		{0DC3B0D0-E420-4E05-80EC-D4768C9388E9}.AppStore|iPhone.Build.0 = Release|Any CPU
		{0DC3B0D0-E420-4E05-80EC-D4768C9388E9}.AppStore|iPhone.Deploy.0 = Release|Any CPU
		{0DC3B0D0-E420-4E05-80EC-D4768C9388E9}.AppStore|iPhoneSimulator.ActiveCfg = Release|Any CPU
		{0DC3B0D0-E420-4E05-80EC-D4768C9388E9}.AppStore|iPhoneSimulator.Build.0 = Release|Any CPU
		{0DC3B0D0-E420-4E05-80EC-D4768C9388E9}.AppStore|iPhoneSimulator.Deploy.0 = Release|Any CPU
		{0DC3B0D0-E420-4E05-80EC-D4768C9388E9}.Debug|Any CPU.ActiveCfg = Debug|Any CPU
		{0DC3B0D0-E420-4E05-80EC-D4768C9388E9}.Debug|Any CPU.Build.0 = Debug|Any CPU
		{0DC3B0D0-E420-4E05-80EC-D4768C9388E9}.Debug|Any CPU.Deploy.0 = Debug|Any CPU
		{0DC3B0D0-E420-4E05-80EC-D4768C9388E9}.Debug|iPhone.ActiveCfg = Debug|Any CPU
		{0DC3B0D0-E420-4E05-80EC-D4768C9388E9}.Debug|iPhone.Build.0 = Debug|Any CPU
		{0DC3B0D0-E420-4E05-80EC-D4768C9388E9}.Debug|iPhone.Deploy.0 = Debug|Any CPU
		{0DC3B0D0-E420-4E05-80EC-D4768C9388E9}.Debug|iPhoneSimulator.ActiveCfg = Debug|Any CPU
		{0DC3B0D0-E420-4E05-80EC-D4768C9388E9}.Debug|iPhoneSimulator.Build.0 = Debug|Any CPU
		{0DC3B0D0-E420-4E05-80EC-D4768C9388E9}.Debug|iPhoneSimulator.Deploy.0 = Debug|Any CPU
		{0DC3B0D0-E420-4E05-80EC-D4768C9388E9}.Release|Any CPU.ActiveCfg = Release|Any CPU
		{0DC3B0D0-E420-4E05-80EC-D4768C9388E9}.Release|Any CPU.Build.0 = Release|Any CPU
		{0DC3B0D0-E420-4E05-80EC-D4768C9388E9}.Release|Any CPU.Deploy.0 = Release|Any CPU
		{0DC3B0D0-E420-4E05-80EC-D4768C9388E9}.Release|iPhone.ActiveCfg = Release|Any CPU
		{0DC3B0D0-E420-4E05-80EC-D4768C9388E9}.Release|iPhone.Build.0 = Release|Any CPU
		{0DC3B0D0-E420-4E05-80EC-D4768C9388E9}.Release|iPhone.Deploy.0 = Release|Any CPU
		{0DC3B0D0-E420-4E05-80EC-D4768C9388E9}.Release|iPhoneSimulator.ActiveCfg = Release|Any CPU
		{0DC3B0D0-E420-4E05-80EC-D4768C9388E9}.Release|iPhoneSimulator.Build.0 = Release|Any CPU
		{0DC3B0D0-E420-4E05-80EC-D4768C9388E9}.Release|iPhoneSimulator.Deploy.0 = Release|Any CPU
		{B7D7AEEE-0265-4BD9-8AB1-8373259344FA}.Ad-Hoc|Any CPU.ActiveCfg = Ad-Hoc|iPhone
		{B7D7AEEE-0265-4BD9-8AB1-8373259344FA}.Ad-Hoc|Any CPU.Build.0 = Ad-Hoc|iPhone
		{B7D7AEEE-0265-4BD9-8AB1-8373259344FA}.Ad-Hoc|Any CPU.Deploy.0 = Ad-Hoc|iPhone
		{B7D7AEEE-0265-4BD9-8AB1-8373259344FA}.Ad-Hoc|iPhone.ActiveCfg = Ad-Hoc|iPhone
		{B7D7AEEE-0265-4BD9-8AB1-8373259344FA}.Ad-Hoc|iPhone.Build.0 = Ad-Hoc|iPhone
		{B7D7AEEE-0265-4BD9-8AB1-8373259344FA}.Ad-Hoc|iPhone.Deploy.0 = Ad-Hoc|iPhone
		{B7D7AEEE-0265-4BD9-8AB1-8373259344FA}.Ad-Hoc|iPhoneSimulator.ActiveCfg = Ad-Hoc|iPhoneSimulator
		{B7D7AEEE-0265-4BD9-8AB1-8373259344FA}.Ad-Hoc|iPhoneSimulator.Build.0 = Ad-Hoc|iPhoneSimulator
		{B7D7AEEE-0265-4BD9-8AB1-8373259344FA}.Ad-Hoc|iPhoneSimulator.Deploy.0 = Ad-Hoc|iPhoneSimulator
		{B7D7AEEE-0265-4BD9-8AB1-8373259344FA}.AppStore|Any CPU.ActiveCfg = AppStore|iPhone
		{B7D7AEEE-0265-4BD9-8AB1-8373259344FA}.AppStore|Any CPU.Build.0 = AppStore|iPhone
		{B7D7AEEE-0265-4BD9-8AB1-8373259344FA}.AppStore|Any CPU.Deploy.0 = AppStore|iPhone
		{B7D7AEEE-0265-4BD9-8AB1-8373259344FA}.AppStore|iPhone.ActiveCfg = AppStore|iPhone
		{B7D7AEEE-0265-4BD9-8AB1-8373259344FA}.AppStore|iPhone.Build.0 = AppStore|iPhone
		{B7D7AEEE-0265-4BD9-8AB1-8373259344FA}.AppStore|iPhone.Deploy.0 = AppStore|iPhone
		{B7D7AEEE-0265-4BD9-8AB1-8373259344FA}.AppStore|iPhoneSimulator.ActiveCfg = AppStore|iPhoneSimulator
		{B7D7AEEE-0265-4BD9-8AB1-8373259344FA}.AppStore|iPhoneSimulator.Build.0 = AppStore|iPhoneSimulator
		{B7D7AEEE-0265-4BD9-8AB1-8373259344FA}.AppStore|iPhoneSimulator.Deploy.0 = AppStore|iPhoneSimulator
		{B7D7AEEE-0265-4BD9-8AB1-8373259344FA}.Debug|Any CPU.ActiveCfg = Debug|iPhoneSimulator
		{B7D7AEEE-0265-4BD9-8AB1-8373259344FA}.Debug|Any CPU.Build.0 = Debug|iPhoneSimulator
		{B7D7AEEE-0265-4BD9-8AB1-8373259344FA}.Debug|Any CPU.Deploy.0 = Debug|iPhoneSimulator
		{B7D7AEEE-0265-4BD9-8AB1-8373259344FA}.Debug|iPhone.ActiveCfg = Debug|iPhone
		{B7D7AEEE-0265-4BD9-8AB1-8373259344FA}.Debug|iPhone.Build.0 = Debug|iPhone
		{B7D7AEEE-0265-4BD9-8AB1-8373259344FA}.Debug|iPhone.Deploy.0 = Debug|iPhone
		{B7D7AEEE-0265-4BD9-8AB1-8373259344FA}.Debug|iPhoneSimulator.ActiveCfg = Debug|iPhoneSimulator
		{B7D7AEEE-0265-4BD9-8AB1-8373259344FA}.Debug|iPhoneSimulator.Build.0 = Debug|iPhoneSimulator
		{B7D7AEEE-0265-4BD9-8AB1-8373259344FA}.Debug|iPhoneSimulator.Deploy.0 = Debug|iPhoneSimulator
		{B7D7AEEE-0265-4BD9-8AB1-8373259344FA}.Release|Any CPU.ActiveCfg = Release|iPhone
		{B7D7AEEE-0265-4BD9-8AB1-8373259344FA}.Release|Any CPU.Build.0 = Release|iPhone
		{B7D7AEEE-0265-4BD9-8AB1-8373259344FA}.Release|Any CPU.Deploy.0 = Release|iPhone
		{B7D7AEEE-0265-4BD9-8AB1-8373259344FA}.Release|iPhone.ActiveCfg = Release|iPhone
		{B7D7AEEE-0265-4BD9-8AB1-8373259344FA}.Release|iPhone.Build.0 = Release|iPhone
		{B7D7AEEE-0265-4BD9-8AB1-8373259344FA}.Release|iPhone.Deploy.0 = Release|iPhone
		{B7D7AEEE-0265-4BD9-8AB1-8373259344FA}.Release|iPhoneSimulator.ActiveCfg = Release|iPhoneSimulator
		{B7D7AEEE-0265-4BD9-8AB1-8373259344FA}.Release|iPhoneSimulator.Build.0 = Release|iPhoneSimulator
		{B7D7AEEE-0265-4BD9-8AB1-8373259344FA}.Release|iPhoneSimulator.Deploy.0 = Release|iPhoneSimulator
		{4408569E-D95C-4F8A-8B2F-792DA717BAD6}.Ad-Hoc|Any CPU.ActiveCfg = Debug|Any CPU
		{4408569E-D95C-4F8A-8B2F-792DA717BAD6}.Ad-Hoc|Any CPU.Build.0 = Debug|Any CPU
		{4408569E-D95C-4F8A-8B2F-792DA717BAD6}.Ad-Hoc|Any CPU.Deploy.0 = Debug|Any CPU
		{4408569E-D95C-4F8A-8B2F-792DA717BAD6}.Ad-Hoc|iPhone.ActiveCfg = Debug|Any CPU
		{4408569E-D95C-4F8A-8B2F-792DA717BAD6}.Ad-Hoc|iPhone.Build.0 = Debug|Any CPU
		{4408569E-D95C-4F8A-8B2F-792DA717BAD6}.Ad-Hoc|iPhone.Deploy.0 = Debug|Any CPU
		{4408569E-D95C-4F8A-8B2F-792DA717BAD6}.Ad-Hoc|iPhoneSimulator.ActiveCfg = Debug|Any CPU
		{4408569E-D95C-4F8A-8B2F-792DA717BAD6}.Ad-Hoc|iPhoneSimulator.Build.0 = Debug|Any CPU
		{4408569E-D95C-4F8A-8B2F-792DA717BAD6}.Ad-Hoc|iPhoneSimulator.Deploy.0 = Debug|Any CPU
		{4408569E-D95C-4F8A-8B2F-792DA717BAD6}.AppStore|Any CPU.ActiveCfg = Debug|Any CPU
		{4408569E-D95C-4F8A-8B2F-792DA717BAD6}.AppStore|Any CPU.Build.0 = Debug|Any CPU
		{4408569E-D95C-4F8A-8B2F-792DA717BAD6}.AppStore|Any CPU.Deploy.0 = Debug|Any CPU
		{4408569E-D95C-4F8A-8B2F-792DA717BAD6}.AppStore|iPhone.ActiveCfg = Debug|Any CPU
		{4408569E-D95C-4F8A-8B2F-792DA717BAD6}.AppStore|iPhone.Build.0 = Debug|Any CPU
		{4408569E-D95C-4F8A-8B2F-792DA717BAD6}.AppStore|iPhone.Deploy.0 = Debug|Any CPU
		{4408569E-D95C-4F8A-8B2F-792DA717BAD6}.AppStore|iPhoneSimulator.ActiveCfg = Debug|Any CPU
		{4408569E-D95C-4F8A-8B2F-792DA717BAD6}.AppStore|iPhoneSimulator.Build.0 = Debug|Any CPU
		{4408569E-D95C-4F8A-8B2F-792DA717BAD6}.AppStore|iPhoneSimulator.Deploy.0 = Debug|Any CPU
		{4408569E-D95C-4F8A-8B2F-792DA717BAD6}.Debug|Any CPU.ActiveCfg = Debug|Any CPU
		{4408569E-D95C-4F8A-8B2F-792DA717BAD6}.Debug|Any CPU.Build.0 = Debug|Any CPU
		{4408569E-D95C-4F8A-8B2F-792DA717BAD6}.Debug|Any CPU.Deploy.0 = Debug|Any CPU
		{4408569E-D95C-4F8A-8B2F-792DA717BAD6}.Debug|iPhone.ActiveCfg = Debug|Any CPU
		{4408569E-D95C-4F8A-8B2F-792DA717BAD6}.Debug|iPhone.Build.0 = Debug|Any CPU
		{4408569E-D95C-4F8A-8B2F-792DA717BAD6}.Debug|iPhone.Deploy.0 = Debug|Any CPU
		{4408569E-D95C-4F8A-8B2F-792DA717BAD6}.Debug|iPhoneSimulator.ActiveCfg = Debug|Any CPU
		{4408569E-D95C-4F8A-8B2F-792DA717BAD6}.Debug|iPhoneSimulator.Build.0 = Debug|Any CPU
		{4408569E-D95C-4F8A-8B2F-792DA717BAD6}.Debug|iPhoneSimulator.Deploy.0 = Debug|Any CPU
		{4408569E-D95C-4F8A-8B2F-792DA717BAD6}.Release|Any CPU.ActiveCfg = Release|Any CPU
		{4408569E-D95C-4F8A-8B2F-792DA717BAD6}.Release|Any CPU.Build.0 = Release|Any CPU
		{4408569E-D95C-4F8A-8B2F-792DA717BAD6}.Release|Any CPU.Deploy.0 = Release|Any CPU
		{4408569E-D95C-4F8A-8B2F-792DA717BAD6}.Release|iPhone.ActiveCfg = Release|Any CPU
		{4408569E-D95C-4F8A-8B2F-792DA717BAD6}.Release|iPhone.Build.0 = Release|Any CPU
		{4408569E-D95C-4F8A-8B2F-792DA717BAD6}.Release|iPhone.Deploy.0 = Release|Any CPU
		{4408569E-D95C-4F8A-8B2F-792DA717BAD6}.Release|iPhoneSimulator.ActiveCfg = Release|Any CPU
		{4408569E-D95C-4F8A-8B2F-792DA717BAD6}.Release|iPhoneSimulator.Build.0 = Release|Any CPU
		{4408569E-D95C-4F8A-8B2F-792DA717BAD6}.Release|iPhoneSimulator.Deploy.0 = Release|Any CPU
	EndGlobalSection
	GlobalSection(SolutionProperties) = preSolution
		HideSolutionNode = FALSE
	EndGlobalSection
	GlobalSection(ExtensibilityGlobals) = postSolution
		SolutionGuid = {CC4C8C12-BAAF-41CE-9229-11432CC32437}
	EndGlobalSection
EndGlobal
